// !$*UTF8*$!
{
	archiveVersion = 1;
	classes = {
	};
	objectVersion = 48;
	objects = {

/* Begin PBXBuildFile section */
		312649561FCB0A570008A097 /* mainmenuButton.png in Resources */ = {isa = PBXBuildFile; fileRef = 312649551FCB0A570008A097 /* mainmenuButton.png */; };
		312649581FCC5BD90008A097 /* GamwScene_creatingLevels.swift in Sources */ = {isa = PBXBuildFile; fileRef = 312649571FCC5BD90008A097 /* GamwScene_creatingLevels.swift */; };
		3126495D1FCC9ABA0008A097 /* star1.png in Resources */ = {isa = PBXBuildFile; fileRef = 3126495C1FCC9ABA0008A097 /* star1.png */; };
		3126495F1FCC9AD40008A097 /* star2.png in Resources */ = {isa = PBXBuildFile; fileRef = 3126495E1FCC9AD40008A097 /* star2.png */; };
		312649611FCCB28A0008A097 /* pause-button-orange-hi.png in Resources */ = {isa = PBXBuildFile; fileRef = 312649601FCCB28A0008A097 /* pause-button-orange-hi.png */; };
		312649631FCCB5070008A097 /* playButton.png in Resources */ = {isa = PBXBuildFile; fileRef = 312649621FCCB5070008A097 /* playButton.png */; };
		312649671FCD6AB30008A097 /* rules.png in Resources */ = {isa = PBXBuildFile; fileRef = 312649661FCD6AB20008A097 /* rules.png */; };
		312649691FCD6B730008A097 /* RulesViewController.swift in Sources */ = {isa = PBXBuildFile; fileRef = 312649681FCD6B730008A097 /* RulesViewController.swift */; };
		312649711FCE40650008A097 /* capsule4.png in Resources */ = {isa = PBXBuildFile; fileRef = 3126496D1FCE40640008A097 /* capsule4.png */; };
		312649721FCE40650008A097 /* capsule3.png in Resources */ = {isa = PBXBuildFile; fileRef = 3126496E1FCE40640008A097 /* capsule3.png */; };
		312649731FCE40650008A097 /* capsule1.png in Resources */ = {isa = PBXBuildFile; fileRef = 3126496F1FCE40640008A097 /* capsule1.png */; };
		312649741FCE40650008A097 /* capsule2.png in Resources */ = {isa = PBXBuildFile; fileRef = 312649701FCE40640008A097 /* capsule2.png */; };
		3157AEBB1FC32BC700E94DE2 /* AppDelegate.swift in Sources */ = {isa = PBXBuildFile; fileRef = 3157AEBA1FC32BC700E94DE2 /* AppDelegate.swift */; };
		3157AEBD1FC32BC700E94DE2 /* GameScene.sks in Resources */ = {isa = PBXBuildFile; fileRef = 3157AEBC1FC32BC700E94DE2 /* GameScene.sks */; };
		3157AEC11FC32BC700E94DE2 /* GameScene.swift in Sources */ = {isa = PBXBuildFile; fileRef = 3157AEC01FC32BC700E94DE2 /* GameScene.swift */; };
		3157AEC31FC32BC700E94DE2 /* GameViewController.swift in Sources */ = {isa = PBXBuildFile; fileRef = 3157AEC21FC32BC700E94DE2 /* GameViewController.swift */; };
		3157AEC61FC32BC700E94DE2 /* Main.storyboard in Resources */ = {isa = PBXBuildFile; fileRef = 3157AEC41FC32BC700E94DE2 /* Main.storyboard */; };
		3157AEC81FC32BC700E94DE2 /* Assets.xcassets in Resources */ = {isa = PBXBuildFile; fileRef = 3157AEC71FC32BC700E94DE2 /* Assets.xcassets */; };
		3157AECB1FC32BC700E94DE2 /* LaunchScreen.storyboard in Resources */ = {isa = PBXBuildFile; fileRef = 3157AEC91FC32BC700E94DE2 /* LaunchScreen.storyboard */; };
		3157AED31FC49D2E00E94DE2 /* GameScene_Touches.swift in Sources */ = {isa = PBXBuildFile; fileRef = 3157AED21FC49D2E00E94DE2 /* GameScene_Touches.swift */; };
		3157AED51FC49D6800E94DE2 /* GameScene_Physics.swift in Sources */ = {isa = PBXBuildFile; fileRef = 3157AED41FC49D6800E94DE2 /* GameScene_Physics.swift */; };
		31FB3ACD1FC9A8D600FCA7DA /* MainViewController .swift in Sources */ = {isa = PBXBuildFile; fileRef = 31FB3ACC1FC9A8D600FCA7DA /* MainViewController .swift */; };
		31FB3ACF1FC9B9D000FCA7DA /* button_press.wav in Resources */ = {isa = PBXBuildFile; fileRef = 31FB3ACE1FC9B9D000FCA7DA /* button_press.wav */; };
		31FB3AD21FC9BF4300FCA7DA /* Sound.swift in Sources */ = {isa = PBXBuildFile; fileRef = 31FB3AD11FC9BF4300FCA7DA /* Sound.swift */; };
		31FB3AD71FC9C3D100FCA7DA /* playGameButton.png in Resources */ = {isa = PBXBuildFile; fileRef = 31FB3AD51FC9C3D100FCA7DA /* playGameButton.png */; };
		31FB3AD81FC9C3D100FCA7DA /* reloadButton.png in Resources */ = {isa = PBXBuildFile; fileRef = 31FB3AD61FC9C3D100FCA7DA /* reloadButton.png */; };
		31FB3ADA1FC9CCA300FCA7DA /* SwiftSpinner.swift in Sources */ = {isa = PBXBuildFile; fileRef = 31FB3AD91FC9CCA300FCA7DA /* SwiftSpinner.swift */; };
		31FB3ADF1FC9DC1100FCA7DA /* Model.swift in Sources */ = {isa = PBXBuildFile; fileRef = 31FB3ADE1FC9DC1100FCA7DA /* Model.swift */; };
		31FB3AE21FC9E1E100FCA7DA /* backGround.PNG in Resources */ = {isa = PBXBuildFile; fileRef = 31FB3AE11FC9E1E100FCA7DA /* backGround.PNG */; };
		31FB3AE41FC9F17400FCA7DA /* LevelMenuViewController.swift in Sources */ = {isa = PBXBuildFile; fileRef = 31FB3AE31FC9F17400FCA7DA /* LevelMenuViewController.swift */; };
		31FB3AEB1FCA2CE200FCA7DA /* rectYellow.png in Resources */ = {isa = PBXBuildFile; fileRef = 31FB3AE61FCA2CE100FCA7DA /* rectYellow.png */; };
		31FB3AEC1FCA2CE200FCA7DA /* rectBlue.png in Resources */ = {isa = PBXBuildFile; fileRef = 31FB3AE71FCA2CE100FCA7DA /* rectBlue.png */; };
		31FB3AED1FCA2CE200FCA7DA /* rectRed.png in Resources */ = {isa = PBXBuildFile; fileRef = 31FB3AE81FCA2CE100FCA7DA /* rectRed.png */; };
		31FB3AEE1FCA2CE200FCA7DA /* rectGreen.png in Resources */ = {isa = PBXBuildFile; fileRef = 31FB3AE91FCA2CE100FCA7DA /* rectGreen.png */; };
		31FB3AEF1FCA2CE200FCA7DA /* rectPurp.png in Resources */ = {isa = PBXBuildFile; fileRef = 31FB3AEA1FCA2CE100FCA7DA /* rectPurp.png */; };
		31FB3AF31FCA2D1300FCA7DA /* ballBlue.png in Resources */ = {isa = PBXBuildFile; fileRef = 31FB3AF11FCA2D1300FCA7DA /* ballBlue.png */; };
		31FB3AF41FCA2D1300FCA7DA /* paddleBlu.png in Resources */ = {isa = PBXBuildFile; fileRef = 31FB3AF21FCA2D1300FCA7DA /* paddleBlu.png */; };
		31FB3AF61FCA2D2700FCA7DA /* heart.png in Resources */ = {isa = PBXBuildFile; fileRef = 31FB3AF51FCA2D2700FCA7DA /* heart.png */; };
		31FB3AF81FCA2D3500FCA7DA /* image.jpeg in Resources */ = {isa = PBXBuildFile; fileRef = 31FB3AF71FCA2D3200FCA7DA /* image.jpeg */; };
		31FB3AFA1FCAEA2D00FCA7DA /* back.png in Resources */ = {isa = PBXBuildFile; fileRef = 31FB3AF91FCAEA2D00FCA7DA /* back.png */; };
/* End PBXBuildFile section */

/* Begin PBXFileReference section */
		312649551FCB0A570008A097 /* mainmenuButton.png */ = {isa = PBXFileReference; lastKnownFileType = image.png; path = mainmenuButton.png; sourceTree = "<group>"; };
		312649571FCC5BD90008A097 /* GamwScene_creatingLevels.swift */ = {isa = PBXFileReference; lastKnownFileType = sourcecode.swift; path = GamwScene_creatingLevels.swift; sourceTree = "<group>"; };
		3126495C1FCC9ABA0008A097 /* star1.png */ = {isa = PBXFileReference; lastKnownFileType = image.png; name = star1.png; path = ../../../../../../../Downloads/star1.png; sourceTree = "<group>"; };
		3126495E1FCC9AD40008A097 /* star2.png */ = {isa = PBXFileReference; lastKnownFileType = image.png; path = star2.png; sourceTree = "<group>"; };
		312649601FCCB28A0008A097 /* pause-button-orange-hi.png */ = {isa = PBXFileReference; lastKnownFileType = image.png; path = "pause-button-orange-hi.png"; sourceTree = "<group>"; };
		312649621FCCB5070008A097 /* playButton.png */ = {isa = PBXFileReference; lastKnownFileType = image.png; path = playButton.png; sourceTree = "<group>"; };
		312649661FCD6AB20008A097 /* rules.png */ = {isa = PBXFileReference; lastKnownFileType = image.png; path = rules.png; sourceTree = "<group>"; };
		312649681FCD6B730008A097 /* RulesViewController.swift */ = {isa = PBXFileReference; lastKnownFileType = sourcecode.swift; path = RulesViewController.swift; sourceTree = "<group>"; };
		3126496D1FCE40640008A097 /* capsule4.png */ = {isa = PBXFileReference; lastKnownFileType = image.png; path = capsule4.png; sourceTree = "<group>"; };
		3126496E1FCE40640008A097 /* capsule3.png */ = {isa = PBXFileReference; lastKnownFileType = image.png; path = capsule3.png; sourceTree = "<group>"; };
		3126496F1FCE40640008A097 /* capsule1.png */ = {isa = PBXFileReference; lastKnownFileType = image.png; path = capsule1.png; sourceTree = "<group>"; };
		312649701FCE40640008A097 /* capsule2.png */ = {isa = PBXFileReference; lastKnownFileType = image.png; path = capsule2.png; sourceTree = "<group>"; };
		3157AEB71FC32BC700E94DE2 /* arkanoidTest.app */ = {isa = PBXFileReference; explicitFileType = wrapper.application; includeInIndex = 0; path = arkanoidTest.app; sourceTree = BUILT_PRODUCTS_DIR; };
		3157AEBA1FC32BC700E94DE2 /* AppDelegate.swift */ = {isa = PBXFileReference; lastKnownFileType = sourcecode.swift; path = AppDelegate.swift; sourceTree = "<group>"; };
		3157AEBC1FC32BC700E94DE2 /* GameScene.sks */ = {isa = PBXFileReference; lastKnownFileType = file.sks; path = GameScene.sks; sourceTree = "<group>"; };
		3157AEC01FC32BC700E94DE2 /* GameScene.swift */ = {isa = PBXFileReference; lastKnownFileType = sourcecode.swift; path = GameScene.swift; sourceTree = "<group>"; };
		3157AEC21FC32BC700E94DE2 /* GameViewController.swift */ = {isa = PBXFileReference; lastKnownFileType = sourcecode.swift; path = GameViewController.swift; sourceTree = "<group>"; };
		3157AEC51FC32BC700E94DE2 /* Base */ = {isa = PBXFileReference; lastKnownFileType = file.storyboard; name = Base; path = Base.lproj/Main.storyboard; sourceTree = "<group>"; };
		3157AEC71FC32BC700E94DE2 /* Assets.xcassets */ = {isa = PBXFileReference; lastKnownFileType = folder.assetcatalog; path = Assets.xcassets; sourceTree = "<group>"; };
		3157AECA1FC32BC700E94DE2 /* Base */ = {isa = PBXFileReference; lastKnownFileType = file.storyboard; name = Base; path = Base.lproj/LaunchScreen.storyboard; sourceTree = "<group>"; };
		3157AECC1FC32BC700E94DE2 /* Info.plist */ = {isa = PBXFileReference; lastKnownFileType = text.plist.xml; path = Info.plist; sourceTree = "<group>"; };
		3157AED21FC49D2E00E94DE2 /* GameScene_Touches.swift */ = {isa = PBXFileReference; lastKnownFileType = sourcecode.swift; path = GameScene_Touches.swift; sourceTree = "<group>"; };
		3157AED41FC49D6800E94DE2 /* GameScene_Physics.swift */ = {isa = PBXFileReference; lastKnownFileType = sourcecode.swift; path = GameScene_Physics.swift; sourceTree = "<group>"; };
		31FB3ACC1FC9A8D600FCA7DA /* MainViewController .swift */ = {isa = PBXFileReference; lastKnownFileType = sourcecode.swift; path = "MainViewController .swift"; sourceTree = "<group>"; };
		31FB3ACE1FC9B9D000FCA7DA /* button_press.wav */ = {isa = PBXFileReference; lastKnownFileType = audio.wav; path = button_press.wav; sourceTree = "<group>"; };
		31FB3AD11FC9BF4300FCA7DA /* Sound.swift */ = {isa = PBXFileReference; fileEncoding = 4; lastKnownFileType = sourcecode.swift; path = Sound.swift; sourceTree = "<group>"; };
		31FB3AD51FC9C3D100FCA7DA /* playGameButton.png */ = {isa = PBXFileReference; lastKnownFileType = image.png; path = playGameButton.png; sourceTree = "<group>"; };
		31FB3AD61FC9C3D100FCA7DA /* reloadButton.png */ = {isa = PBXFileReference; lastKnownFileType = image.png; path = reloadButton.png; sourceTree = "<group>"; };
		31FB3AD91FC9CCA300FCA7DA /* SwiftSpinner.swift */ = {isa = PBXFileReference; fileEncoding = 4; lastKnownFileType = sourcecode.swift; path = SwiftSpinner.swift; sourceTree = "<group>"; };
		31FB3ADE1FC9DC1100FCA7DA /* Model.swift */ = {isa = PBXFileReference; lastKnownFileType = sourcecode.swift; path = Model.swift; sourceTree = "<group>"; };
		31FB3AE11FC9E1E100FCA7DA /* backGround.PNG */ = {isa = PBXFileReference; lastKnownFileType = image.png; path = backGround.PNG; sourceTree = "<group>"; };
		31FB3AE31FC9F17400FCA7DA /* LevelMenuViewController.swift */ = {isa = PBXFileReference; lastKnownFileType = sourcecode.swift; path = LevelMenuViewController.swift; sourceTree = "<group>"; };
		31FB3AE61FCA2CE100FCA7DA /* rectYellow.png */ = {isa = PBXFileReference; lastKnownFileType = image.png; path = rectYellow.png; sourceTree = "<group>"; };
		31FB3AE71FCA2CE100FCA7DA /* rectBlue.png */ = {isa = PBXFileReference; lastKnownFileType = image.png; path = rectBlue.png; sourceTree = "<group>"; };
		31FB3AE81FCA2CE100FCA7DA /* rectRed.png */ = {isa = PBXFileReference; lastKnownFileType = image.png; path = rectRed.png; sourceTree = "<group>"; };
		31FB3AE91FCA2CE100FCA7DA /* rectGreen.png */ = {isa = PBXFileReference; lastKnownFileType = image.png; path = rectGreen.png; sourceTree = "<group>"; };
		31FB3AEA1FCA2CE100FCA7DA /* rectPurp.png */ = {isa = PBXFileReference; lastKnownFileType = image.png; path = rectPurp.png; sourceTree = "<group>"; };
		31FB3AF11FCA2D1300FCA7DA /* ballBlue.png */ = {isa = PBXFileReference; lastKnownFileType = image.png; path = ballBlue.png; sourceTree = "<group>"; };
		31FB3AF21FCA2D1300FCA7DA /* paddleBlu.png */ = {isa = PBXFileReference; lastKnownFileType = image.png; path = paddleBlu.png; sourceTree = "<group>"; };
		31FB3AF51FCA2D2700FCA7DA /* heart.png */ = {isa = PBXFileReference; lastKnownFileType = image.png; path = heart.png; sourceTree = "<group>"; };
		31FB3AF71FCA2D3200FCA7DA /* image.jpeg */ = {isa = PBXFileReference; lastKnownFileType = image.jpeg; path = image.jpeg; sourceTree = "<group>"; };
		31FB3AF91FCAEA2D00FCA7DA /* back.png */ = {isa = PBXFileReference; lastKnownFileType = image.png; path = back.png; sourceTree = "<group>"; };
/* End PBXFileReference section */

/* Begin PBXFrameworksBuildPhase section */
		3157AEB41FC32BC700E94DE2 /* Frameworks */ = {
			isa = PBXFrameworksBuildPhase;
			buildActionMask = 2147483647;
			files = (
			);
			runOnlyForDeploymentPostprocessing = 0;
		};
/* End PBXFrameworksBuildPhase section */

/* Begin PBXGroup section */
		312649591FCC98AC0008A097 /* stars */ = {
			isa = PBXGroup;
			children = (
				3126495C1FCC9ABA0008A097 /* star1.png */,
				3126495E1FCC9AD40008A097 /* star2.png */,
			);
			path = stars;
			sourceTree = "<group>";
		};
		3126496A1FCD8D900008A097 /* capsule */ = {
			isa = PBXGroup;
			children = (
				3126496F1FCE40640008A097 /* capsule1.png */,
				312649701FCE40640008A097 /* capsule2.png */,
				3126496E1FCE40640008A097 /* capsule3.png */,
				3126496D1FCE40640008A097 /* capsule4.png */,
			);
			path = capsule;
			sourceTree = "<group>";
		};
		3157AEAE1FC32BC700E94DE2 = {
			isa = PBXGroup;
			children = (
				3157AEB91FC32BC700E94DE2 /* arkanoidTest */,
				3157AEB81FC32BC700E94DE2 /* Products */,
			);
			sourceTree = "<group>";
		};
		3157AEB81FC32BC700E94DE2 /* Products */ = {
			isa = PBXGroup;
			children = (
				3157AEB71FC32BC700E94DE2 /* arkanoidTest.app */,
			);
			name = Products;
			sourceTree = "<group>";
		};
		3157AEB91FC32BC700E94DE2 /* arkanoidTest */ = {
			isa = PBXGroup;
			children = (
				3157AEBA1FC32BC700E94DE2 /* AppDelegate.swift */,
				3157AEBC1FC32BC700E94DE2 /* GameScene.sks */,
				31FB3AF01FCA2CED00FCA7DA /* Game Elements */,
				3157AEC01FC32BC700E94DE2 /* GameScene.swift */,
				31FB3AE01FC9E1CB00FCA7DA /* backGround */,
				31FB3AD41FC9C38800FCA7DA /* Button Pics */,
				31FB3ADB1FC9D9D200FCA7DA /* Extension */,
				31FB3AD31FC9C29500FCA7DA /* additional Classes */,
				3157AEC41FC32BC700E94DE2 /* Main.storyboard */,
				31FB3ADC1FC9D9F000FCA7DA /* View Controllers */,
				3157AEC71FC32BC700E94DE2 /* Assets.xcassets */,
				3157AEC91FC32BC700E94DE2 /* LaunchScreen.storyboard */,
				31FB3AD01FC9B9D500FCA7DA /* Sounds */,
				3157AECC1FC32BC700E94DE2 /* Info.plist */,
			);
			path = arkanoidTest;
			sourceTree = "<group>";
		};
		31FB3AD01FC9B9D500FCA7DA /* Sounds */ = {
			isa = PBXGroup;
			children = (
				31FB3ACE1FC9B9D000FCA7DA /* button_press.wav */,
			);
			path = Sounds;
			sourceTree = "<group>";
		};
		31FB3AD31FC9C29500FCA7DA /* additional Classes */ = {
			isa = PBXGroup;
			children = (
				31FB3AD11FC9BF4300FCA7DA /* Sound.swift */,
				31FB3AD91FC9CCA300FCA7DA /* SwiftSpinner.swift */,
			);
			path = "additional Classes";
			sourceTree = "<group>";
		};
		31FB3AD41FC9C38800FCA7DA /* Button Pics */ = {
			isa = PBXGroup;
			children = (
				312649591FCC98AC0008A097 /* stars */,
				31FB3AD51FC9C3D100FCA7DA /* playGameButton.png */,
				312649601FCCB28A0008A097 /* pause-button-orange-hi.png */,
				31FB3AD61FC9C3D100FCA7DA /* reloadButton.png */,
				312649551FCB0A570008A097 /* mainmenuButton.png */,
				31FB3AF91FCAEA2D00FCA7DA /* back.png */,
				312649621FCCB5070008A097 /* playButton.png */,
				312649661FCD6AB20008A097 /* rules.png */,
			);
			path = "Button Pics";
			sourceTree = "<group>";
		};
		31FB3ADB1FC9D9D200FCA7DA /* Extension */ = {
			isa = PBXGroup;
			children = (
				3157AED21FC49D2E00E94DE2 /* GameScene_Touches.swift */,
				3157AED41FC49D6800E94DE2 /* GameScene_Physics.swift */,
				312649571FCC5BD90008A097 /* GamwScene_creatingLevels.swift */,
			);
			path = Extension;
			sourceTree = "<group>";
		};
		31FB3ADC1FC9D9F000FCA7DA /* View Controllers */ = {
			isa = PBXGroup;
			children = (
				31FB3ACC1FC9A8D600FCA7DA /* MainViewController .swift */,
				3157AEC21FC32BC700E94DE2 /* GameViewController.swift */,
				31FB3AE31FC9F17400FCA7DA /* LevelMenuViewController.swift */,
				312649681FCD6B730008A097 /* RulesViewController.swift */,
				31FB3ADD1FC9DC0100FCA7DA /* Model */,
			);
			path = "View Controllers";
			sourceTree = "<group>";
		};
		31FB3ADD1FC9DC0100FCA7DA /* Model */ = {
			isa = PBXGroup;
			children = (
				31FB3ADE1FC9DC1100FCA7DA /* Model.swift */,
			);
			path = Model;
			sourceTree = "<group>";
		};
		31FB3AE01FC9E1CB00FCA7DA /* backGround */ = {
			isa = PBXGroup;
			children = (
				31FB3AE11FC9E1E100FCA7DA /* backGround.PNG */,
			);
			path = backGround;
			sourceTree = "<group>";
		};
		31FB3AE51FCA2CBA00FCA7DA /* Bricks */ = {
			isa = PBXGroup;
			children = (
				31FB3AE71FCA2CE100FCA7DA /* rectBlue.png */,
				31FB3AE91FCA2CE100FCA7DA /* rectGreen.png */,
				31FB3AEA1FCA2CE100FCA7DA /* rectPurp.png */,
				31FB3AE81FCA2CE100FCA7DA /* rectRed.png */,
				31FB3AE61FCA2CE100FCA7DA /* rectYellow.png */,
			);
			path = Bricks;
			sourceTree = "<group>";
		};
		31FB3AF01FCA2CED00FCA7DA /* Game Elements */ = {
			isa = PBXGroup;
			children = (
				31FB3AF51FCA2D2700FCA7DA /* heart.png */,
				31FB3AF11FCA2D1300FCA7DA /* ballBlue.png */,
				31FB3AF21FCA2D1300FCA7DA /* paddleBlu.png */,
				31FB3AF71FCA2D3200FCA7DA /* image.jpeg */,
				3126496A1FCD8D900008A097 /* capsule */,
				31FB3AE51FCA2CBA00FCA7DA /* Bricks */,
			);
			path = "Game Elements";
			sourceTree = "<group>";
		};
/* End PBXGroup section */

/* Begin PBXNativeTarget section */
		3157AEB61FC32BC700E94DE2 /* arkanoidTest */ = {
			isa = PBXNativeTarget;
			buildConfigurationList = 3157AECF1FC32BC700E94DE2 /* Build configuration list for PBXNativeTarget "arkanoidTest" */;
			buildPhases = (
				3157AEB31FC32BC700E94DE2 /* Sources */,
				3157AEB41FC32BC700E94DE2 /* Frameworks */,
				3157AEB51FC32BC700E94DE2 /* Resources */,
			);
			buildRules = (
			);
			dependencies = (
			);
			name = arkanoidTest;
			productName = arkanoidTest;
			productReference = 3157AEB71FC32BC700E94DE2 /* arkanoidTest.app */;
			productType = "com.apple.product-type.application";
		};
/* End PBXNativeTarget section */

/* Begin PBXProject section */
		3157AEAF1FC32BC700E94DE2 /* Project object */ = {
			isa = PBXProject;
			attributes = {
				LastSwiftUpdateCheck = 0910;
				LastUpgradeCheck = 0910;
				ORGANIZATIONNAME = vbbv;
				TargetAttributes = {
					3157AEB61FC32BC700E94DE2 = {
						CreatedOnToolsVersion = 9.1;
						ProvisioningStyle = Automatic;
					};
				};
			};
			buildConfigurationList = 3157AEB21FC32BC700E94DE2 /* Build configuration list for PBXProject "arkanoidTest" */;
			compatibilityVersion = "Xcode 8.0";
			developmentRegion = en;
			hasScannedForEncodings = 0;
			knownRegions = (
				en,
				Base,
			);
			mainGroup = 3157AEAE1FC32BC700E94DE2;
			productRefGroup = 3157AEB81FC32BC700E94DE2 /* Products */;
			projectDirPath = "";
			projectRoot = "";
			targets = (
				3157AEB61FC32BC700E94DE2 /* arkanoidTest */,
			);
		};
/* End PBXProject section */

/* Begin PBXResourcesBuildPhase section */
		3157AEB51FC32BC700E94DE2 /* Resources */ = {
			isa = PBXResourcesBuildPhase;
			buildActionMask = 2147483647;
			files = (
				31FB3AF61FCA2D2700FCA7DA /* heart.png in Resources */,
				3126495F1FCC9AD40008A097 /* star2.png in Resources */,
				312649631FCCB5070008A097 /* playButton.png in Resources */,
				31FB3ACF1FC9B9D000FCA7DA /* button_press.wav in Resources */,
				31FB3AFA1FCAEA2D00FCA7DA /* back.png in Resources */,
				31FB3AE21FC9E1E100FCA7DA /* backGround.PNG in Resources */,
				3157AEC61FC32BC700E94DE2 /* Main.storyboard in Resources */,
				31FB3AEE1FCA2CE200FCA7DA /* rectGreen.png in Resources */,
				31FB3AED1FCA2CE200FCA7DA /* rectRed.png in Resources */,
				312649741FCE40650008A097 /* capsule2.png in Resources */,
				31FB3AD81FC9C3D100FCA7DA /* reloadButton.png in Resources */,
				312649721FCE40650008A097 /* capsule3.png in Resources */,
				31FB3AEB1FCA2CE200FCA7DA /* rectYellow.png in Resources */,
				312649561FCB0A570008A097 /* mainmenuButton.png in Resources */,
				312649611FCCB28A0008A097 /* pause-button-orange-hi.png in Resources */,
				3157AEBD1FC32BC700E94DE2 /* GameScene.sks in Resources */,
				312649711FCE40650008A097 /* capsule4.png in Resources */,
				3126495D1FCC9ABA0008A097 /* star1.png in Resources */,
				312649671FCD6AB30008A097 /* rules.png in Resources */,
				31FB3AF31FCA2D1300FCA7DA /* ballBlue.png in Resources */,
				31FB3AEF1FCA2CE200FCA7DA /* rectPurp.png in Resources */,
				31FB3AD71FC9C3D100FCA7DA /* playGameButton.png in Resources */,
				31FB3AF81FCA2D3500FCA7DA /* image.jpeg in Resources */,
				3157AEC81FC32BC700E94DE2 /* Assets.xcassets in Resources */,
				31FB3AF41FCA2D1300FCA7DA /* paddleBlu.png in Resources */,
				312649731FCE40650008A097 /* capsule1.png in Resources */,
				3157AECB1FC32BC700E94DE2 /* LaunchScreen.storyboard in Resources */,
				31FB3AEC1FCA2CE200FCA7DA /* rectBlue.png in Resources */,
			);
			runOnlyForDeploymentPostprocessing = 0;
		};
/* End PBXResourcesBuildPhase section */

/* Begin PBXSourcesBuildPhase section */
		3157AEB31FC32BC700E94DE2 /* Sources */ = {
			isa = PBXSourcesBuildPhase;
			buildActionMask = 2147483647;
			files = (
				31FB3ADF1FC9DC1100FCA7DA /* Model.swift in Sources */,
				31FB3AD21FC9BF4300FCA7DA /* Sound.swift in Sources */,
				31FB3ADA1FC9CCA300FCA7DA /* SwiftSpinner.swift in Sources */,
				3157AED31FC49D2E00E94DE2 /* GameScene_Touches.swift in Sources */,
				312649581FCC5BD90008A097 /* GamwScene_creatingLevels.swift in Sources */,
				3157AED51FC49D6800E94DE2 /* GameScene_Physics.swift in Sources */,
				31FB3ACD1FC9A8D600FCA7DA /* MainViewController .swift in Sources */,
				31FB3AE41FC9F17400FCA7DA /* LevelMenuViewController.swift in Sources */,
				3157AEC11FC32BC700E94DE2 /* GameScene.swift in Sources */,
				3157AEC31FC32BC700E94DE2 /* GameViewController.swift in Sources */,
				312649691FCD6B730008A097 /* RulesViewController.swift in Sources */,
				3157AEBB1FC32BC700E94DE2 /* AppDelegate.swift in Sources */,
			);
			runOnlyForDeploymentPostprocessing = 0;
		};
/* End PBXSourcesBuildPhase section */

/* Begin PBXVariantGroup section */
		3157AEC41FC32BC700E94DE2 /* Main.storyboard */ = {
			isa = PBXVariantGroup;
			children = (
				3157AEC51FC32BC700E94DE2 /* Base */,
			);
			name = Main.storyboard;
			sourceTree = "<group>";
		};
		3157AEC91FC32BC700E94DE2 /* LaunchScreen.storyboard */ = {
			isa = PBXVariantGroup;
			children = (
				3157AECA1FC32BC700E94DE2 /* Base */,
			);
			name = LaunchScreen.storyboard;
			sourceTree = "<group>";
		};
/* End PBXVariantGroup section */

/* Begin XCBuildConfiguration section */
		3157AECD1FC32BC700E94DE2 /* Debug */ = {
			isa = XCBuildConfiguration;
			buildSettings = {
				ALWAYS_SEARCH_USER_PATHS = NO;
				CLANG_ANALYZER_NONNULL = YES;
				CLANG_ANALYZER_NUMBER_OBJECT_CONVERSION = YES_AGGRESSIVE;
				CLANG_CXX_LANGUAGE_STANDARD = "gnu++14";
				CLANG_CXX_LIBRARY = "libc++";
				CLANG_ENABLE_MODULES = YES;
				CLANG_ENABLE_OBJC_ARC = YES;
				CLANG_WARN_BLOCK_CAPTURE_AUTORELEASING = YES;
				CLANG_WARN_BOOL_CONVERSION = YES;
				CLANG_WARN_COMMA = YES;
				CLANG_WARN_CONSTANT_CONVERSION = YES;
				CLANG_WARN_DIRECT_OBJC_ISA_USAGE = YES_ERROR;
				CLANG_WARN_DOCUMENTATION_COMMENTS = YES;
				CLANG_WARN_EMPTY_BODY = YES;
				CLANG_WARN_ENUM_CONVERSION = YES;
				CLANG_WARN_INFINITE_RECURSION = YES;
				CLANG_WARN_INT_CONVERSION = YES;
				CLANG_WARN_NON_LITERAL_NULL_CONVERSION = YES;
				CLANG_WARN_OBJC_LITERAL_CONVERSION = YES;
				CLANG_WARN_OBJC_ROOT_CLASS = YES_ERROR;
				CLANG_WARN_RANGE_LOOP_ANALYSIS = YES;
				CLANG_WARN_STRICT_PROTOTYPES = YES;
				CLANG_WARN_SUSPICIOUS_MOVE = YES;
				CLANG_WARN_UNGUARDED_AVAILABILITY = YES_AGGRESSIVE;
				CLANG_WARN_UNREACHABLE_CODE = YES;
				CLANG_WARN__DUPLICATE_METHOD_MATCH = YES;
				CODE_SIGN_IDENTITY = "iPhone Developer";
				COPY_PHASE_STRIP = NO;
				DEBUG_INFORMATION_FORMAT = dwarf;
				ENABLE_STRICT_OBJC_MSGSEND = YES;
				ENABLE_TESTABILITY = YES;
				GCC_C_LANGUAGE_STANDARD = gnu11;
				GCC_DYNAMIC_NO_PIC = NO;
				GCC_NO_COMMON_BLOCKS = YES;
				GCC_OPTIMIZATION_LEVEL = 0;
				GCC_PREPROCESSOR_DEFINITIONS = (
					"DEBUG=1",
					"$(inherited)",
				);
				GCC_WARN_64_TO_32_BIT_CONVERSION = YES;
				GCC_WARN_ABOUT_RETURN_TYPE = YES_ERROR;
				GCC_WARN_UNDECLARED_SELECTOR = YES;
				GCC_WARN_UNINITIALIZED_AUTOS = YES_AGGRESSIVE;
				GCC_WARN_UNUSED_FUNCTION = YES;
				GCC_WARN_UNUSED_VARIABLE = YES;
				IPHONEOS_DEPLOYMENT_TARGET = 11.1;
				MTL_ENABLE_DEBUG_INFO = YES;
				ONLY_ACTIVE_ARCH = YES;
				SDKROOT = iphoneos;
				SWIFT_ACTIVE_COMPILATION_CONDITIONS = DEBUG;
				SWIFT_OPTIMIZATION_LEVEL = "-Onone";
			};
			name = Debug;
		};
		3157AECE1FC32BC700E94DE2 /* Release */ = {
			isa = XCBuildConfiguration;
			buildSettings = {
				ALWAYS_SEARCH_USER_PATHS = NO;
				CLANG_ANALYZER_NONNULL = YES;
				CLANG_ANALYZER_NUMBER_OBJECT_CONVERSION = YES_AGGRESSIVE;
				CLANG_CXX_LANGUAGE_STANDARD = "gnu++14";
				CLANG_CXX_LIBRARY = "libc++";
				CLANG_ENABLE_MODULES = YES;
				CLANG_ENABLE_OBJC_ARC = YES;
				CLANG_WARN_BLOCK_CAPTURE_AUTORELEASING = YES;
				CLANG_WARN_BOOL_CONVERSION = YES;
				CLANG_WARN_COMMA = YES;
				CLANG_WARN_CONSTANT_CONVERSION = YES;
				CLANG_WARN_DIRECT_OBJC_ISA_USAGE = YES_ERROR;
				CLANG_WARN_DOCUMENTATION_COMMENTS = YES;
				CLANG_WARN_EMPTY_BODY = YES;
				CLANG_WARN_ENUM_CONVERSION = YES;
				CLANG_WARN_INFINITE_RECURSION = YES;
				CLANG_WARN_INT_CONVERSION = YES;
				CLANG_WARN_NON_LITERAL_NULL_CONVERSION = YES;
				CLANG_WARN_OBJC_LITERAL_CONVERSION = YES;
				CLANG_WARN_OBJC_ROOT_CLASS = YES_ERROR;
				CLANG_WARN_RANGE_LOOP_ANALYSIS = YES;
				CLANG_WARN_STRICT_PROTOTYPES = YES;
				CLANG_WARN_SUSPICIOUS_MOVE = YES;
				CLANG_WARN_UNGUARDED_AVAILABILITY = YES_AGGRESSIVE;
				CLANG_WARN_UNREACHABLE_CODE = YES;
				CLANG_WARN__DUPLICATE_METHOD_MATCH = YES;
				CODE_SIGN_IDENTITY = "iPhone Developer";
				COPY_PHASE_STRIP = NO;
				DEBUG_INFORMATION_FORMAT = "dwarf-with-dsym";
				ENABLE_NS_ASSERTIONS = NO;
				ENABLE_STRICT_OBJC_MSGSEND = YES;
				GCC_C_LANGUAGE_STANDARD = gnu11;
				GCC_NO_COMMON_BLOCKS = YES;
				GCC_WARN_64_TO_32_BIT_CONVERSION = YES;
				GCC_WARN_ABOUT_RETURN_TYPE = YES_ERROR;
				GCC_WARN_UNDECLARED_SELECTOR = YES;
				GCC_WARN_UNINITIALIZED_AUTOS = YES_AGGRESSIVE;
				GCC_WARN_UNUSED_FUNCTION = YES;
				GCC_WARN_UNUSED_VARIABLE = YES;
				IPHONEOS_DEPLOYMENT_TARGET = 11.1;
				MTL_ENABLE_DEBUG_INFO = NO;
				SDKROOT = iphoneos;
				SWIFT_OPTIMIZATION_LEVEL = "-Owholemodule";
				VALIDATE_PRODUCT = YES;
			};
			name = Release;
		};
		3157AED01FC32BC700E94DE2 /* Debug */ = {
			isa = XCBuildConfiguration;
			buildSettings = {
				ASSETCATALOG_COMPILER_APPICON_NAME = AppIcon;
				CODE_SIGN_STYLE = Automatic;
				DEVELOPMENT_TEAM = F237XF6376;
				INFOPLIST_FILE = arkanoidTest/Info.plist;
				LD_RUNPATH_SEARCH_PATHS = "$(inherited) @executable_path/Frameworks";
				PRODUCT_BUNDLE_IDENTIFIER = vbbv.arkanoidTest;
				PRODUCT_NAME = "$(TARGET_NAME)";
				SWIFT_VERSION = 4.0;
				TARGETED_DEVICE_FAMILY = "1,2";
			};
			name = Debug;
		};
		3157AED11FC32BC700E94DE2 /* Release */ = {
			isa = XCBuildConfiguration;
			buildSettings = {
				ASSETCATALOG_COMPILER_APPICON_NAME = AppIcon;
				CODE_SIGN_STYLE = Automatic;
				DEVELOPMENT_TEAM = F237XF6376;
				INFOPLIST_FILE = arkanoidTest/Info.plist;
				LD_RUNPATH_SEARCH_PATHS = "$(inherited) @executable_path/Frameworks";
				PRODUCT_BUNDLE_IDENTIFIER = vbbv.arkanoidTest;
				PRODUCT_NAME = "$(TARGET_NAME)";
				SWIFT_VERSION = 4.0;
				TARGETED_DEVICE_FAMILY = "1,2";
			};
			name = Release;
		};
/* End XCBuildConfiguration section */

/* Begin XCConfigurationList section */
		3157AEB21FC32BC700E94DE2 /* Build configuration list for PBXProject "arkanoidTest" */ = {
			isa = XCConfigurationList;
			buildConfigurations = (
				3157AECD1FC32BC700E94DE2 /* Debug */,
				3157AECE1FC32BC700E94DE2 /* Release */,
			);
			defaultConfigurationIsVisible = 0;
			defaultConfigurationName = Release;
		};
		3157AECF1FC32BC700E94DE2 /* Build configuration list for PBXNativeTarget "arkanoidTest" */ = {
			isa = XCConfigurationList;
			buildConfigurations = (
				3157AED01FC32BC700E94DE2 /* Debug */,
				3157AED11FC32BC700E94DE2 /* Release */,
			);
			defaultConfigurationIsVisible = 0;
			defaultConfigurationName = Release;
		};
/* End XCConfigurationList section */
	};
	rootObject = 3157AEAF1FC32BC700E94DE2 /* Project object */;
}
